
Microsoft Visual Studio Solution File, Format Version 12.00
# Visual Studio Version 16
VisualStudioVersion = 16.0.33130.400
MinimumVisualStudioVersion = 10.0.40219.1
Project("{FAE04EC0-301F-11D3-BF4B-00C04F79EFBC}") = "Interfaces", "Interfaces.csproj", "{392E2812-6122-4389-BF76-1719791886CB}"
EndProject
Global
	GlobalSection(SolutionConfigurationPlatforms) = preSolution
		Debug|Any CPU = Debug|Any CPU
		Release|Any CPU = Release|Any CPU
	EndGlobalSection
	GlobalSection(ProjectConfigurationPlatforms) = postSolution
		{392E2812-6122-4389-BF76-1719791886CB}.Debug|Any CPU.ActiveCfg = Debug|Any CPU
		{392E2812-6122-4389-BF76-1719791886CB}.Debug|Any CPU.Build.0 = Debug|Any CPU
		{392E2812-6122-4389-BF76-1719791886CB}.Release|Any CPU.ActiveCfg = Release|Any CPU
		{392E2812-6122-4389-BF76-1719791886CB}.Release|Any CPU.Build.0 = Release|Any CPU
	EndGlobalSection
	GlobalSection(SolutionProperties) = preSolution
		HideSolutionNode = FALSE
	EndGlobalSection
	GlobalSection(ExtensibilityGlobals) = postSolution
		SolutionGuid = {600D64C0-55BA-41C5-AE8D-6DE660786245}
	EndGlobalSection
EndGlobal
